# THIS IS AN AUTOGENERATED FILE. DO NOT EDIT THIS FILE DIRECTLY.
# yarn lockfile v1


"@playwright/test@^1.48.1", "@playwright/test@>=1.36.0":
  version "1.48.1"
  resolved "https://repo.huaweicloud.com/repository/npm/@playwright/test/-/test-1.48.1.tgz"
  integrity sha512-s9RtWoxkOLmRJdw3oFvhFbs9OJS0BzrLUc8Hf6l2UdCNd1rqeEyD4BhCJkvzeEoD1FsK4mirsWwGerhVmYKtZg==
  dependencies:
    playwright "1.48.1"

"@types/node@^22.5.5":
  version "22.7.3"
  resolved "https://repo.huaweicloud.com/repository/npm/@types/node/-/node-22.7.3.tgz"
  integrity sha512-qXKfhXXqGTyBskvWEzJZPUxSslAiLaB6JGP1ic/XTH9ctGgzdgYguuLP1C601aRTSDNlLb0jbKqXjZ48GNraSA==
  dependencies:
    undici-types "~6.19.2"

allure-js-commons@3.0.3:
  version "3.0.3"
  resolved "https://repo.huaweicloud.com/repository/npm/allure-js-commons/-/allure-js-commons-3.0.3.tgz"
  integrity sha512-UKfMh+5hYM9mQHMcQoqwh5WZuCA8qDTbD8Fl69maYiC7vKMuBHh+GOyE3pChoqxjF2zGVcI7p3bOmkE7Sk8GVQ==
  dependencies:
    md5 "^2.3.0"
    properties "^1.2.1"

allure-playwright@^3.0.3, allure-playwright@3.0.3:
  version "3.0.3"
  resolved "https://repo.huaweicloud.com/repository/npm/allure-playwright/-/allure-playwright-3.0.3.tgz"
  integrity sha512-c9ZDHPLx3P7d6PCQzMihT7DXDD2HcRFRwnH6/mtgP//7CW+caIBfpvyzY0o0lCSHl9qiCbAsAQgYKWlMG2PgTQ==
  dependencies:
    allure-js-commons "3.0.3"

charenc@0.0.2:
  version "0.0.2"
  resolved "https://repo.huaweicloud.com/repository/npm/charenc/-/charenc-0.0.2.tgz"
  integrity sha512-yrLQ/yVUFXkzg7EDQsPieE/53+0RlaWTs+wBrvW36cyilJ2SaDWfl4Yj7MtLTXleV9uEKefbAGUPv2/iWSooRA==

crypt@0.0.2:
  version "0.0.2"
  resolved "https://repo.huaweicloud.com/repository/npm/crypt/-/crypt-0.0.2.tgz"
  integrity sha512-mCxBlsHFYh9C+HVpiEacem8FEBnMXgU9gy4zmNC+SXAZNB/1idgp/aulFJ4FgCi7GPEVbfyng092GqL2k2rmow==

fsevents@2.3.2:
  version "2.3.2"
  resolved "https://repo.huaweicloud.com/repository/npm/fsevents/-/fsevents-2.3.2.tgz"
  integrity sha512-xiqMQR4xAeHTuB9uWm+fFRcIOgKBMiOBP+eXiyT7jsgVCq1bkVygt00oASowB7EdtpOHaaPgKt812P9ab+DDKA==

is-buffer@~1.1.6:
  version "1.1.6"
  resolved "https://repo.huaweicloud.com/repository/npm/is-buffer/-/is-buffer-1.1.6.tgz"
  integrity sha512-NcdALwpXkTm5Zvvbk7owOUSvVvBKDgKP5/ewfXEznmQFfs4ZRmanOeKBTjRVjka3QFoN6XJ+9F3USqfHqTaU5w==

lodash@^4.17.21:
  version "4.17.21"
  resolved "https://repo.huaweicloud.com/repository/npm/lodash/-/lodash-4.17.21.tgz"
  integrity sha512-v2kDEe57lecTulaDIuNTPy3Ry4gLGJ6Z1O3vE1krgXZNrsQ+LFTGHVxVjcXPs17LhbZVGedAJv8XZ1tvj5FvSg==

md5@^2.3.0:
  version "2.3.0"
  resolved "https://repo.huaweicloud.com/repository/npm/md5/-/md5-2.3.0.tgz"
  integrity sha512-T1GITYmFaKuO91vxyoQMFETst+O71VUPEU3ze5GNzDm0OWdP8v1ziTaAEPUr/3kLsY3Sftgz242A1SetQiDL7g==
  dependencies:
    charenc "0.0.2"
    crypt "0.0.2"
    is-buffer "~1.1.6"

playwright-core@1.48.1:
  version "1.48.1"
  resolved "https://repo.huaweicloud.com/repository/npm/playwright-core/-/playwright-core-1.48.1.tgz"
  integrity sha512-Yw/t4VAFX/bBr1OzwCuOMZkY1Cnb4z/doAFSwf4huqAGWmf9eMNjmK7NiOljCdLmxeRYcGPPmcDgU0zOlzP0YA==

playwright@1.48.1:
  version "1.48.1"
  resolved "https://repo.huaweicloud.com/repository/npm/playwright/-/playwright-1.48.1.tgz"
  integrity sha512-j8CiHW/V6HxmbntOfyB4+T/uk08tBy6ph0MpBXwuoofkSnLmlfdYNNkFTYD6ofzzlSqLA1fwH4vwvVFvJgLN0w==
  dependencies:
    playwright-core "1.48.1"
  optionalDependencies:
    fsevents "2.3.2"

properties@^1.2.1:
  version "1.2.1"
  resolved "https://repo.huaweicloud.com/repository/npm/properties/-/properties-1.2.1.tgz"
  integrity sha512-qYNxyMj1JeW54i/EWEFsM1cVwxJbtgPp8+0Wg9XjNaK6VE/c4oRi6PNu5p7w1mNXEIQIjV5Wwn8v8Gz82/QzdQ==

undici-types@~6.19.2:
  version "6.19.8"
  resolved "https://repo.huaweicloud.com/repository/npm/undici-types/-/undici-types-6.19.8.tgz"
  integrity sha512-ve2KP6f/JnbPBFyobGHuerC9g1FYGn/F8n1LWTwNxCEzd6IfqTwUQcNXgEtmmQ6DlRrC1hrSrBnCZPokRrDHjw==
